github.com/dnsoa/go/assert v1.1.2 h1:NVtMqxq3IoS17NGKoYH9Mc/vASQa5psMo7X/i+gwzyE=
github.com/dnsoa/go/assert v1.1.2/go.mod h1:aP8iaHTcw49posUgXy9qjr/ICSJ2HNjyQXNOJzo4Zws=
github.com/dnsoa/go/sync v1.1.0 h1:3SUDISg3XaM3EcKcNjjw9K6n+f8U9XjC0u27sk4X4es=
github.com/dnsoa/go/sync v1.1.0/go.mod h1:w8YwvTuIjbmCZ2jeizPocGSv5gyPYqzlAWAO2opGaHY=
